
Microsoft Visual Studio Solution File, Format Version 12.00
# Visual Studio Version 17
VisualStudioVersion = 17.8.34330.188
MinimumVisualStudioVersion = 10.0.40219.1
Project("{FAE04EC0-301F-11D3-BF4B-00C04F79EFBC}") = "GitMarmuzniak.Android", "GitMarmuzniak\GitMarmuzniak.Android\GitMarmuzniak.Android.csproj", "{74509922-90A2-4CCD-994D-B08ED4AD79CD}"
EndProject
Project("{FAE04EC0-301F-11D3-BF4B-00C04F79EFBC}") = "GitMarmuzniak", "GitMarmuzniak\GitMarmuzniak\GitMarmuzniak.csproj", "{9DE0EF04-8CE7-480F-844A-DC0100C69AB0}"
EndProject
Global
	GlobalSection(SolutionConfigurationPlatforms) = preSolution
		Debug|Any CPU = Debug|Any CPU
		Release|Any CPU = Release|Any CPU
	EndGlobalSection
	GlobalSection(ProjectConfigurationPlatforms) = postSolution
		{74509922-90A2-4CCD-994D-B08ED4AD79CD}.Debug|Any CPU.ActiveCfg = Debug|Any CPU
		{74509922-90A2-4CCD-994D-B08ED4AD79CD}.Debug|Any CPU.Build.0 = Debug|Any CPU
		{74509922-90A2-4CCD-994D-B08ED4AD79CD}.Debug|Any CPU.Deploy.0 = Debug|Any CPU
		{74509922-90A2-4CCD-994D-B08ED4AD79CD}.Release|Any CPU.ActiveCfg = Release|Any CPU
		{74509922-90A2-4CCD-994D-B08ED4AD79CD}.Release|Any CPU.Build.0 = Release|Any CPU
		{74509922-90A2-4CCD-994D-B08ED4AD79CD}.Release|Any CPU.Deploy.0 = Release|Any CPU
		{9DE0EF04-8CE7-480F-844A-DC0100C69AB0}.Debug|Any CPU.ActiveCfg = Debug|Any CPU
		{9DE0EF04-8CE7-480F-844A-DC0100C69AB0}.Debug|Any CPU.Build.0 = Debug|Any CPU
		{9DE0EF04-8CE7-480F-844A-DC0100C69AB0}.Debug|Any CPU.Deploy.0 = Debug|Any CPU
		{9DE0EF04-8CE7-480F-844A-DC0100C69AB0}.Release|Any CPU.ActiveCfg = Release|Any CPU
		{9DE0EF04-8CE7-480F-844A-DC0100C69AB0}.Release|Any CPU.Build.0 = Release|Any CPU
		{9DE0EF04-8CE7-480F-844A-DC0100C69AB0}.Release|Any CPU.Deploy.0 = Release|Any CPU
	EndGlobalSection
	GlobalSection(SolutionProperties) = preSolution
		HideSolutionNode = FALSE
	EndGlobalSection
	GlobalSection(ExtensibilityGlobals) = postSolution
		SolutionGuid = {FD070A5A-042D-4179-A4F1-052633D7C94B}
	EndGlobalSection
EndGlobal
